
Microsoft Visual Studio Solution File, Format Version 12.00
# Visual Studio Version 17
VisualStudioVersion = 17.5.002.0
MinimumVisualStudioVersion = 10.0.40219.1
Project("{9A19103F-16F7-4668-BE54-9A1E7A4F7556}") = "GB_akr", "GB_akr.csproj", "{F1A3085B-32A3-4F97-BB3B-2A7FDD361494}"
EndProject
Global
	GlobalSection(SolutionConfigurationPlatforms) = preSolution
		Debug|Any CPU = Debug|Any CPU
		Release|Any CPU = Release|Any CPU
	EndGlobalSection
	GlobalSection(ProjectConfigurationPlatforms) = postSolution
		{F1A3085B-32A3-4F97-BB3B-2A7FDD361494}.Debug|Any CPU.ActiveCfg = Debug|Any CPU
		{F1A3085B-32A3-4F97-BB3B-2A7FDD361494}.Debug|Any CPU.Build.0 = Debug|Any CPU
		{F1A3085B-32A3-4F97-BB3B-2A7FDD361494}.Release|Any CPU.ActiveCfg = Release|Any CPU
		{F1A3085B-32A3-4F97-BB3B-2A7FDD361494}.Release|Any CPU.Build.0 = Release|Any CPU
	EndGlobalSection
	GlobalSection(SolutionProperties) = preSolution
		HideSolutionNode = FALSE
	EndGlobalSection
	GlobalSection(ExtensibilityGlobals) = postSolution
		SolutionGuid = {9B73DF27-B292-4B48-985F-56D208DB65AB}
	EndGlobalSection
EndGlobal
